# This file is autogenerated, do not edit; changes may be undone by the next 'dep ensure'.


[[projects]]
  name = "github.com/davecgh/go-spew"
  packages = ["spew"]
  revision = "346938d642f2ec3594ed81d874461961cd0faa76"
  version = "v1.1.0"

[[projects]]
  name = "github.com/golang/mock"
  packages = ["gomock"]
  revision = "13f360950a79f5864a972c786a10a50e44b69541"
  version = "v1.0.0"

[[projects]]
  name = "github.com/mattn/go-sqlite3"
  packages = ["."]
  revision = "6c771bb9887719704b210e87e934f08be014bdb1"
  version = "v1.6.0"

[[projects]]
  name = "github.com/pmezard/go-difflib"
  packages = ["difflib"]
  revision = "792786c7400a136282c1664665ae0a8db921c6c2"
  version = "v1.0.0"

[[projects]]
  name = "github.com/stretchr/testify"
  packages = [
    "assert",
    "require"
  ]
  revision = "a72618"

[solve-meta]
  analyzer-name = "dep"
  analyzer-version = 1
  inputs-digest = "2e0f3f80cbaa001dffa42f45e7c61560ae584b62f5bc3ee3fef1aa18e53eb434"
  solver-name = "gps-cdcl"
  solver-version = 1
